
Microsoft Visual Studio Solution File, Format Version 12.00
# Visual Studio 2012
Project("{2150E333-8FDC-42A3-9474-1A3956D46DE8}") = "4. Data Access Layer", "4. Data Access Layer", "{44323153-FDAA-4775-81DB-F94AA97E9716}"
EndProject
Project("{2150E333-8FDC-42A3-9474-1A3956D46DE8}") = "3. Business Layer", "3. Business Layer", "{07BA8BDA-A855-4B7C-A270-231E44CAF942}"
EndProject
Project("{2150E333-8FDC-42A3-9474-1A3956D46DE8}") = "2. Service Layer", "2. Service Layer", "{13330A62-E336-4A86-92BC-23F05F1D9253}"
EndProject
Project("{2150E333-8FDC-42A3-9474-1A3956D46DE8}") = "1. Presentation Layer", "1. Presentation Layer", "{1116DC3E-01C6-484C-8B23-423C95DB181A}"
EndProject
Project("{FAE04EC0-301F-11D3-BF4B-00C04F79EFBC}") = "MyBusiness.BookAd.Services.Wcf", "MyBusiness.BookAd.Services.Wcf\MyBusiness.BookAd.Services.Wcf.csproj", "{15B3E0D2-6217-493A-A690-158C497F5318}"
EndProject
Project("{FAE04EC0-301F-11D3-BF4B-00C04F79EFBC}") = "MyBusiness.BookAd.Services.UnitTest", "MyBusiness.BookAd.Services.UnitTest\MyBusiness.BookAd.Services.UnitTest.csproj", "{804F1F8B-8819-4C81-B53F-E6A6EE0A2EF0}"
EndProject
Project("{FAE04EC0-301F-11D3-BF4B-00C04F79EFBC}") = "MyBusiness.BookAd.Presentation.Wcf", "MyBusiness.BookAd.Presentation.Wcf\MyBusiness.BookAd.Presentation.Wcf.csproj", "{3A243348-2C1A-42F5-888B-190C34DA3F19}"
	ProjectSection(ProjectDependencies) = postProject
		{15B3E0D2-6217-493A-A690-158C497F5318} = {15B3E0D2-6217-493A-A690-158C497F5318}
	EndProjectSection
EndProject
Project("{FAE04EC0-301F-11D3-BF4B-00C04F79EFBC}") = "MyBusiness.BookAd.Presentation", "MyBusiness.BookAd.Presentation\MyBusiness.BookAd.Presentation.csproj", "{AEFC5F73-5D1C-4D8D-ABE9-4683CA5A9F11}"
EndProject
Project("{FAE04EC0-301F-11D3-BF4B-00C04F79EFBC}") = "MyBusiness.BookAd.Presentation.Wpf", "MyBusiness.BookAd.Presentation.Wpf\MyBusiness.BookAd.Presentation.Wpf.csproj", "{7E424179-89E0-4A3B-88FC-80BB7429E62A}"
EndProject
Project("{FAE04EC0-301F-11D3-BF4B-00C04F79EFBC}") = "MyBusiness.BookAd.Services", "MyBusiness.BookAd.Services\MyBusiness.BookAd.Services.csproj", "{EF8E331D-D565-4FBE-AB66-6AE79A037CCF}"
EndProject
Project("{FAE04EC0-301F-11D3-BF4B-00C04F79EFBC}") = "MyBusiness.BookAd.Business", "MyBusiness.BookAd.Business\MyBusiness.BookAd.Business.csproj", "{33324706-987A-4114-8101-F0E4A223B53D}"
EndProject
Project("{FAE04EC0-301F-11D3-BF4B-00C04F79EFBC}") = "MyBusiness.BookAd.Repository", "MyBusiness.BookAd.Repository\MyBusiness.BookAd.Repository.csproj", "{888B4551-AEA3-417D-B364-22C94D860458}"
EndProject
Project("{FAE04EC0-301F-11D3-BF4B-00C04F79EFBC}") = "MyBusiness.BookAd.Repository.EF", "MyBusiness.BookAd.Repository.EF\MyBusiness.BookAd.Repository.EF.csproj", "{ABB4C990-AFED-42A7-80D2-C50780475627}"
EndProject
Project("{FAE04EC0-301F-11D3-BF4B-00C04F79EFBC}") = "MyBusiness.BookAd.Repository.UnitTest", "MyBusiness.BookAd.Repository.UnitTest\MyBusiness.BookAd.Repository.UnitTest.csproj", "{85453F72-43FD-43B3-8D35-980F93EF80AA}"
EndProject
Project("{2150E333-8FDC-42A3-9474-1A3956D46DE8}") = "Tests", "Tests", "{116D7815-7C8A-40A5-A8A5-A3279B55F391}"
EndProject
Project("{FAE04EC0-301F-11D3-BF4B-00C04F79EFBC}") = "MyBusiness.BookAd.Repository.EF.UnitTest", "MyBusiness.BookAd.Repository.EF.UnitTest\MyBusiness.BookAd.Repository.EF.UnitTest.csproj", "{1FB232F8-6958-4440-9AE0-F154F160498A}"
EndProject
Project("{2150E333-8FDC-42A3-9474-1A3956D46DE8}") = "Tests", "Tests", "{F8065402-5D48-4BD7-ACD3-CC6731EE9965}"
EndProject
Project("{FAE04EC0-301F-11D3-BF4B-00C04F79EFBC}") = "MyBusiness.BookAd.Business.UnitTest", "MyBusiness.BookAd.Business.UnitTest\MyBusiness.BookAd.Business.UnitTest.csproj", "{672C304B-A408-4D1B-9CE5-D92CE88F50DA}"
EndProject
Project("{2150E333-8FDC-42A3-9474-1A3956D46DE8}") = "Tests", "Tests", "{22DD7C4F-06CB-49E4-A23A-67E51165828E}"
EndProject
Project("{2150E333-8FDC-42A3-9474-1A3956D46DE8}") = "5. Common", "5. Common", "{B907ECFD-4BA3-43A5-B5C1-8654BA363294}"
EndProject
Project("{2150E333-8FDC-42A3-9474-1A3956D46DE8}") = "Tests", "Tests", "{E399D105-5909-4EE8-B0BD-7AA406A0BC36}"
EndProject
Project("{FAE04EC0-301F-11D3-BF4B-00C04F79EFBC}") = "MyBusiness.BookAd.Common.UnitTest", "MyBusiness.BookAd.Common.UnitTest\MyBusiness.BookAd.Common.UnitTest.csproj", "{8CFFE594-7BC2-4665-B059-209DE9832F3E}"
EndProject
Project("{FAE04EC0-301F-11D3-BF4B-00C04F79EFBC}") = "MyBusiness.BookAd.Common", "MyBusiness.BookAd.Common\MyBusiness.BookAd.Common.csproj", "{BFF2F698-B520-463E-8EAD-4F62E201B39E}"
EndProject
Global
	GlobalSection(SolutionConfigurationPlatforms) = preSolution
		Debug|Any CPU = Debug|Any CPU
		Release|Any CPU = Release|Any CPU
	EndGlobalSection
	GlobalSection(ProjectConfigurationPlatforms) = postSolution
		{15B3E0D2-6217-493A-A690-158C497F5318}.Debug|Any CPU.ActiveCfg = Debug|Any CPU
		{15B3E0D2-6217-493A-A690-158C497F5318}.Debug|Any CPU.Build.0 = Debug|Any CPU
		{15B3E0D2-6217-493A-A690-158C497F5318}.Release|Any CPU.ActiveCfg = Release|Any CPU
		{15B3E0D2-6217-493A-A690-158C497F5318}.Release|Any CPU.Build.0 = Release|Any CPU
		{804F1F8B-8819-4C81-B53F-E6A6EE0A2EF0}.Debug|Any CPU.ActiveCfg = Debug|Any CPU
		{804F1F8B-8819-4C81-B53F-E6A6EE0A2EF0}.Debug|Any CPU.Build.0 = Debug|Any CPU
		{804F1F8B-8819-4C81-B53F-E6A6EE0A2EF0}.Release|Any CPU.ActiveCfg = Release|Any CPU
		{804F1F8B-8819-4C81-B53F-E6A6EE0A2EF0}.Release|Any CPU.Build.0 = Release|Any CPU
		{3A243348-2C1A-42F5-888B-190C34DA3F19}.Debug|Any CPU.ActiveCfg = Debug|Any CPU
		{3A243348-2C1A-42F5-888B-190C34DA3F19}.Debug|Any CPU.Build.0 = Debug|Any CPU
		{3A243348-2C1A-42F5-888B-190C34DA3F19}.Release|Any CPU.ActiveCfg = Release|Any CPU
		{3A243348-2C1A-42F5-888B-190C34DA3F19}.Release|Any CPU.Build.0 = Release|Any CPU
		{AEFC5F73-5D1C-4D8D-ABE9-4683CA5A9F11}.Debug|Any CPU.ActiveCfg = Debug|Any CPU
		{AEFC5F73-5D1C-4D8D-ABE9-4683CA5A9F11}.Debug|Any CPU.Build.0 = Debug|Any CPU
		{AEFC5F73-5D1C-4D8D-ABE9-4683CA5A9F11}.Release|Any CPU.ActiveCfg = Release|Any CPU
		{AEFC5F73-5D1C-4D8D-ABE9-4683CA5A9F11}.Release|Any CPU.Build.0 = Release|Any CPU
		{7E424179-89E0-4A3B-88FC-80BB7429E62A}.Debug|Any CPU.ActiveCfg = Debug|Any CPU
		{7E424179-89E0-4A3B-88FC-80BB7429E62A}.Debug|Any CPU.Build.0 = Debug|Any CPU
		{7E424179-89E0-4A3B-88FC-80BB7429E62A}.Release|Any CPU.ActiveCfg = Release|Any CPU
		{7E424179-89E0-4A3B-88FC-80BB7429E62A}.Release|Any CPU.Build.0 = Release|Any CPU
		{EF8E331D-D565-4FBE-AB66-6AE79A037CCF}.Debug|Any CPU.ActiveCfg = Debug|Any CPU
		{EF8E331D-D565-4FBE-AB66-6AE79A037CCF}.Debug|Any CPU.Build.0 = Debug|Any CPU
		{EF8E331D-D565-4FBE-AB66-6AE79A037CCF}.Release|Any CPU.ActiveCfg = Release|Any CPU
		{EF8E331D-D565-4FBE-AB66-6AE79A037CCF}.Release|Any CPU.Build.0 = Release|Any CPU
		{33324706-987A-4114-8101-F0E4A223B53D}.Debug|Any CPU.ActiveCfg = Debug|Any CPU
		{33324706-987A-4114-8101-F0E4A223B53D}.Debug|Any CPU.Build.0 = Debug|Any CPU
		{33324706-987A-4114-8101-F0E4A223B53D}.Release|Any CPU.ActiveCfg = Release|Any CPU
		{33324706-987A-4114-8101-F0E4A223B53D}.Release|Any CPU.Build.0 = Release|Any CPU
		{888B4551-AEA3-417D-B364-22C94D860458}.Debug|Any CPU.ActiveCfg = Debug|Any CPU
		{888B4551-AEA3-417D-B364-22C94D860458}.Debug|Any CPU.Build.0 = Debug|Any CPU
		{888B4551-AEA3-417D-B364-22C94D860458}.Release|Any CPU.ActiveCfg = Release|Any CPU
		{888B4551-AEA3-417D-B364-22C94D860458}.Release|Any CPU.Build.0 = Release|Any CPU
		{ABB4C990-AFED-42A7-80D2-C50780475627}.Debug|Any CPU.ActiveCfg = Debug|Any CPU
		{ABB4C990-AFED-42A7-80D2-C50780475627}.Debug|Any CPU.Build.0 = Debug|Any CPU
		{ABB4C990-AFED-42A7-80D2-C50780475627}.Release|Any CPU.ActiveCfg = Release|Any CPU
		{ABB4C990-AFED-42A7-80D2-C50780475627}.Release|Any CPU.Build.0 = Release|Any CPU
		{85453F72-43FD-43B3-8D35-980F93EF80AA}.Debug|Any CPU.ActiveCfg = Debug|Any CPU
		{85453F72-43FD-43B3-8D35-980F93EF80AA}.Debug|Any CPU.Build.0 = Debug|Any CPU
		{85453F72-43FD-43B3-8D35-980F93EF80AA}.Release|Any CPU.ActiveCfg = Release|Any CPU
		{85453F72-43FD-43B3-8D35-980F93EF80AA}.Release|Any CPU.Build.0 = Release|Any CPU
		{1FB232F8-6958-4440-9AE0-F154F160498A}.Debug|Any CPU.ActiveCfg = Debug|Any CPU
		{1FB232F8-6958-4440-9AE0-F154F160498A}.Debug|Any CPU.Build.0 = Debug|Any CPU
		{1FB232F8-6958-4440-9AE0-F154F160498A}.Release|Any CPU.ActiveCfg = Release|Any CPU
		{1FB232F8-6958-4440-9AE0-F154F160498A}.Release|Any CPU.Build.0 = Release|Any CPU
		{672C304B-A408-4D1B-9CE5-D92CE88F50DA}.Debug|Any CPU.ActiveCfg = Debug|Any CPU
		{672C304B-A408-4D1B-9CE5-D92CE88F50DA}.Debug|Any CPU.Build.0 = Debug|Any CPU
		{672C304B-A408-4D1B-9CE5-D92CE88F50DA}.Release|Any CPU.ActiveCfg = Release|Any CPU
		{672C304B-A408-4D1B-9CE5-D92CE88F50DA}.Release|Any CPU.Build.0 = Release|Any CPU
		{8CFFE594-7BC2-4665-B059-209DE9832F3E}.Debug|Any CPU.ActiveCfg = Debug|Any CPU
		{8CFFE594-7BC2-4665-B059-209DE9832F3E}.Debug|Any CPU.Build.0 = Debug|Any CPU
		{8CFFE594-7BC2-4665-B059-209DE9832F3E}.Release|Any CPU.ActiveCfg = Release|Any CPU
		{8CFFE594-7BC2-4665-B059-209DE9832F3E}.Release|Any CPU.Build.0 = Release|Any CPU
		{BFF2F698-B520-463E-8EAD-4F62E201B39E}.Debug|Any CPU.ActiveCfg = Debug|Any CPU
		{BFF2F698-B520-463E-8EAD-4F62E201B39E}.Debug|Any CPU.Build.0 = Debug|Any CPU
		{BFF2F698-B520-463E-8EAD-4F62E201B39E}.Release|Any CPU.ActiveCfg = Release|Any CPU
		{BFF2F698-B520-463E-8EAD-4F62E201B39E}.Release|Any CPU.Build.0 = Release|Any CPU
	EndGlobalSection
	GlobalSection(SolutionProperties) = preSolution
		HideSolutionNode = FALSE
	EndGlobalSection
	GlobalSection(NestedProjects) = preSolution
		{888B4551-AEA3-417D-B364-22C94D860458} = {44323153-FDAA-4775-81DB-F94AA97E9716}
		{ABB4C990-AFED-42A7-80D2-C50780475627} = {44323153-FDAA-4775-81DB-F94AA97E9716}
		{116D7815-7C8A-40A5-A8A5-A3279B55F391} = {44323153-FDAA-4775-81DB-F94AA97E9716}
		{33324706-987A-4114-8101-F0E4A223B53D} = {07BA8BDA-A855-4B7C-A270-231E44CAF942}
		{F8065402-5D48-4BD7-ACD3-CC6731EE9965} = {07BA8BDA-A855-4B7C-A270-231E44CAF942}
		{15B3E0D2-6217-493A-A690-158C497F5318} = {13330A62-E336-4A86-92BC-23F05F1D9253}
		{22DD7C4F-06CB-49E4-A23A-67E51165828E} = {13330A62-E336-4A86-92BC-23F05F1D9253}
		{EF8E331D-D565-4FBE-AB66-6AE79A037CCF} = {13330A62-E336-4A86-92BC-23F05F1D9253}
		{3A243348-2C1A-42F5-888B-190C34DA3F19} = {1116DC3E-01C6-484C-8B23-423C95DB181A}
		{AEFC5F73-5D1C-4D8D-ABE9-4683CA5A9F11} = {1116DC3E-01C6-484C-8B23-423C95DB181A}
		{7E424179-89E0-4A3B-88FC-80BB7429E62A} = {1116DC3E-01C6-484C-8B23-423C95DB181A}
		{804F1F8B-8819-4C81-B53F-E6A6EE0A2EF0} = {22DD7C4F-06CB-49E4-A23A-67E51165828E}
		{85453F72-43FD-43B3-8D35-980F93EF80AA} = {116D7815-7C8A-40A5-A8A5-A3279B55F391}
		{1FB232F8-6958-4440-9AE0-F154F160498A} = {116D7815-7C8A-40A5-A8A5-A3279B55F391}
		{672C304B-A408-4D1B-9CE5-D92CE88F50DA} = {F8065402-5D48-4BD7-ACD3-CC6731EE9965}
		{E399D105-5909-4EE8-B0BD-7AA406A0BC36} = {B907ECFD-4BA3-43A5-B5C1-8654BA363294}
		{BFF2F698-B520-463E-8EAD-4F62E201B39E} = {B907ECFD-4BA3-43A5-B5C1-8654BA363294}
		{8CFFE594-7BC2-4665-B059-209DE9832F3E} = {E399D105-5909-4EE8-B0BD-7AA406A0BC36}
	EndGlobalSection
EndGlobal
